
Microsoft Visual Studio Solution File, Format Version 12.00
# Visual Studio 15
VisualStudioVersion = 15.0.28010.2036
MinimumVisualStudioVersion = 10.0.40219.1
Project("{FAE04EC0-301F-11D3-BF4B-00C04F79EFBC}") = "CustomList", "CustomList\CustomList.csproj", "{FC7E7AAF-32C8-428A-8EF6-A66EBB9372A6}"
EndProject
Global
	GlobalSection(SolutionConfigurationPlatforms) = preSolution
		Debug|Any CPU = Debug|Any CPU
		Release|Any CPU = Release|Any CPU
	EndGlobalSection
	GlobalSection(ProjectConfigurationPlatforms) = postSolution
		{FC7E7AAF-32C8-428A-8EF6-A66EBB9372A6}.Debug|Any CPU.ActiveCfg = Debug|Any CPU
		{FC7E7AAF-32C8-428A-8EF6-A66EBB9372A6}.Debug|Any CPU.Build.0 = Debug|Any CPU
		{FC7E7AAF-32C8-428A-8EF6-A66EBB9372A6}.Release|Any CPU.ActiveCfg = Release|Any CPU
		{FC7E7AAF-32C8-428A-8EF6-A66EBB9372A6}.Release|Any CPU.Build.0 = Release|Any CPU
	EndGlobalSection
	GlobalSection(SolutionProperties) = preSolution
		HideSolutionNode = FALSE
	EndGlobalSection
	GlobalSection(ExtensibilityGlobals) = postSolution
		SolutionGuid = {25D59372-AE85-467C-B38E-970696B229F6}
	EndGlobalSection
EndGlobal
